
Microsoft Visual Studio Solution File, Format Version 12.00
# Visual Studio Version 17
VisualStudioVersion = 17.5.33414.496
MinimumVisualStudioVersion = 10.0.40219.1
Project("{8BC9CEB8-8B4A-11D0-8D11-00A0C91BC942}") = "Classwork3", "Classwork3.vcxproj", "{6681DBAA-0557-4291-BE96-C4525CB799E7}"
EndProject
Global
	GlobalSection(SolutionConfigurationPlatforms) = preSolution
		Debug|x64 = Debug|x64
		Debug|x86 = Debug|x86
		Release|x64 = Release|x64
		Release|x86 = Release|x86
	EndGlobalSection
	GlobalSection(ProjectConfigurationPlatforms) = postSolution
		{6681DBAA-0557-4291-BE96-C4525CB799E7}.Debug|x64.ActiveCfg = Debug|x64
		{6681DBAA-0557-4291-BE96-C4525CB799E7}.Debug|x64.Build.0 = Debug|x64
		{6681DBAA-0557-4291-BE96-C4525CB799E7}.Debug|x86.ActiveCfg = Debug|Win32
		{6681DBAA-0557-4291-BE96-C4525CB799E7}.Debug|x86.Build.0 = Debug|Win32
		{6681DBAA-0557-4291-BE96-C4525CB799E7}.Release|x64.ActiveCfg = Release|x64
		{6681DBAA-0557-4291-BE96-C4525CB799E7}.Release|x64.Build.0 = Release|x64
		{6681DBAA-0557-4291-BE96-C4525CB799E7}.Release|x86.ActiveCfg = Release|Win32
		{6681DBAA-0557-4291-BE96-C4525CB799E7}.Release|x86.Build.0 = Release|Win32
	EndGlobalSection
	GlobalSection(SolutionProperties) = preSolution
		HideSolutionNode = FALSE
	EndGlobalSection
	GlobalSection(ExtensibilityGlobals) = postSolution
		SolutionGuid = {162C589E-7D0A-486F-8036-22934A5579FF}
	EndGlobalSection
EndGlobal
